
Microsoft Visual Studio Solution File, Format Version 12.00
# Visual Studio 15
VisualStudioVersion = 15.0.28307.852
MinimumVisualStudioVersion = 10.0.40219.1
Project("{9A19103F-16F7-4668-BE54-9A1E7A4F7556}") = "Abc.Core", "Abc.Core\Abc.Core.csproj", "{1B4EE84E-185B-4D81-87BE-84082058FEE3}"
EndProject
Project("{9A19103F-16F7-4668-BE54-9A1E7A4F7556}") = "Abc.Northwind.Entities", "Abc.Northwind.Entites\Abc.Northwind.Entities.csproj", "{4187E9A1-6921-449C-B8A3-DB1621B818E7}"
EndProject
Project("{9A19103F-16F7-4668-BE54-9A1E7A4F7556}") = "Abc.Northwind.DataAccess", "Abc.Northwind.DataAccess\Abc.Northwind.DataAccess.csproj", "{BBCF4E93-79E5-4D02-8796-E3E69ABD9B6B}"
EndProject
Project("{9A19103F-16F7-4668-BE54-9A1E7A4F7556}") = "Abc.Northwind.Business", "Abc.Northwind.Business\Abc.Northwind.Business.csproj", "{720BE50B-2B92-4DD8-928C-13598E2BEA99}"
EndProject
Project("{9A19103F-16F7-4668-BE54-9A1E7A4F7556}") = "Abc.Northwind.MvcWebUI", "Abc.Northwind.MvcWebUI\Abc.Northwind.MvcWebUI.csproj", "{09A28DDD-9641-455D-B819-7A0F4C2522ED}"
EndProject
Global
	GlobalSection(SolutionConfigurationPlatforms) = preSolution
		Debug|Any CPU = Debug|Any CPU
		Release|Any CPU = Release|Any CPU
	EndGlobalSection
	GlobalSection(ProjectConfigurationPlatforms) = postSolution
		{1B4EE84E-185B-4D81-87BE-84082058FEE3}.Debug|Any CPU.ActiveCfg = Debug|Any CPU
		{1B4EE84E-185B-4D81-87BE-84082058FEE3}.Debug|Any CPU.Build.0 = Debug|Any CPU
		{1B4EE84E-185B-4D81-87BE-84082058FEE3}.Release|Any CPU.ActiveCfg = Release|Any CPU
		{1B4EE84E-185B-4D81-87BE-84082058FEE3}.Release|Any CPU.Build.0 = Release|Any CPU
		{4187E9A1-6921-449C-B8A3-DB1621B818E7}.Debug|Any CPU.ActiveCfg = Debug|Any CPU
		{4187E9A1-6921-449C-B8A3-DB1621B818E7}.Debug|Any CPU.Build.0 = Debug|Any CPU
		{4187E9A1-6921-449C-B8A3-DB1621B818E7}.Release|Any CPU.ActiveCfg = Release|Any CPU
		{4187E9A1-6921-449C-B8A3-DB1621B818E7}.Release|Any CPU.Build.0 = Release|Any CPU
		{BBCF4E93-79E5-4D02-8796-E3E69ABD9B6B}.Debug|Any CPU.ActiveCfg = Debug|Any CPU
		{BBCF4E93-79E5-4D02-8796-E3E69ABD9B6B}.Debug|Any CPU.Build.0 = Debug|Any CPU
		{BBCF4E93-79E5-4D02-8796-E3E69ABD9B6B}.Release|Any CPU.ActiveCfg = Release|Any CPU
		{BBCF4E93-79E5-4D02-8796-E3E69ABD9B6B}.Release|Any CPU.Build.0 = Release|Any CPU
		{720BE50B-2B92-4DD8-928C-13598E2BEA99}.Debug|Any CPU.ActiveCfg = Debug|Any CPU
		{720BE50B-2B92-4DD8-928C-13598E2BEA99}.Debug|Any CPU.Build.0 = Debug|Any CPU
		{720BE50B-2B92-4DD8-928C-13598E2BEA99}.Release|Any CPU.ActiveCfg = Release|Any CPU
		{720BE50B-2B92-4DD8-928C-13598E2BEA99}.Release|Any CPU.Build.0 = Release|Any CPU
		{09A28DDD-9641-455D-B819-7A0F4C2522ED}.Debug|Any CPU.ActiveCfg = Debug|Any CPU
		{09A28DDD-9641-455D-B819-7A0F4C2522ED}.Debug|Any CPU.Build.0 = Debug|Any CPU
		{09A28DDD-9641-455D-B819-7A0F4C2522ED}.Release|Any CPU.ActiveCfg = Release|Any CPU
		{09A28DDD-9641-455D-B819-7A0F4C2522ED}.Release|Any CPU.Build.0 = Release|Any CPU
	EndGlobalSection
	GlobalSection(SolutionProperties) = preSolution
		HideSolutionNode = FALSE
	EndGlobalSection
	GlobalSection(ExtensibilityGlobals) = postSolution
		SolutionGuid = {5380FDD2-F14E-4DCF-AEBC-DBE88174AFE6}
	EndGlobalSection
EndGlobal
